// !$*UTF8*$!
{
	archiveVersion = 1;
	classes = {
	};
	objectVersion = 50;
	objects = {

/* Begin PBXBuildFile section */
		F808952524583FCD00D88385 /* testViewController.swift in Sources */ = {isa = PBXBuildFile; fileRef = F808952424583FCD00D88385 /* testViewController.swift */; };
		F8E9458E2457AE6800EACE89 /* AppDelegate.swift in Sources */ = {isa = PBXBuildFile; fileRef = F8E9458D2457AE6800EACE89 /* AppDelegate.swift */; };
		F8E945902457AE6800EACE89 /* SceneDelegate.swift in Sources */ = {isa = PBXBuildFile; fileRef = F8E9458F2457AE6800EACE89 /* SceneDelegate.swift */; };
		F8E945952457AE6800EACE89 /* Main.storyboard in Resources */ = {isa = PBXBuildFile; fileRef = F8E945932457AE6800EACE89 /* Main.storyboard */; };
		F8E945972457AE6900EACE89 /* Assets.xcassets in Resources */ = {isa = PBXBuildFile; fileRef = F8E945962457AE6900EACE89 /* Assets.xcassets */; };
		F8E9459A2457AE6900EACE89 /* LaunchScreen.storyboard in Resources */ = {isa = PBXBuildFile; fileRef = F8E945982457AE6900EACE89 /* LaunchScreen.storyboard */; };
		F8E945AD2457BDF200EACE89 /* QuestionViewController.swift in Sources */ = {isa = PBXBuildFile; fileRef = F8E945A92457BDF200EACE89 /* QuestionViewController.swift */; };
		F8E945AE2457BDF200EACE89 /* ResultsViewController.swift in Sources */ = {isa = PBXBuildFile; fileRef = F8E945AA2457BDF200EACE89 /* ResultsViewController.swift */; };
		F8E945AF2457BDF200EACE89 /* IntroductionViewController.swift in Sources */ = {isa = PBXBuildFile; fileRef = F8E945AB2457BDF200EACE89 /* IntroductionViewController.swift */; };
		F8E945B02457BDF200EACE89 /* QuestionData.swift in Sources */ = {isa = PBXBuildFile; fileRef = F8E945AC2457BDF200EACE89 /* QuestionData.swift */; };
/* End PBXBuildFile section */

/* Begin PBXFileReference section */
		F808952424583FCD00D88385 /* testViewController.swift */ = {isa = PBXFileReference; lastKnownFileType = sourcecode.swift; path = testViewController.swift; sourceTree = "<group>"; };
		F8E9458A2457AE6800EACE89 /* PersonalityQuiz.app */ = {isa = PBXFileReference; explicitFileType = wrapper.application; includeInIndex = 0; path = PersonalityQuiz.app; sourceTree = BUILT_PRODUCTS_DIR; };
		F8E9458D2457AE6800EACE89 /* AppDelegate.swift */ = {isa = PBXFileReference; lastKnownFileType = sourcecode.swift; path = AppDelegate.swift; sourceTree = "<group>"; };
		F8E9458F2457AE6800EACE89 /* SceneDelegate.swift */ = {isa = PBXFileReference; lastKnownFileType = sourcecode.swift; path = SceneDelegate.swift; sourceTree = "<group>"; };
		F8E945942457AE6800EACE89 /* Base */ = {isa = PBXFileReference; lastKnownFileType = file.storyboard; name = Base; path = Base.lproj/Main.storyboard; sourceTree = "<group>"; };
		F8E945962457AE6900EACE89 /* Assets.xcassets */ = {isa = PBXFileReference; lastKnownFileType = folder.assetcatalog; path = Assets.xcassets; sourceTree = "<group>"; };
		F8E945992457AE6900EACE89 /* Base */ = {isa = PBXFileReference; lastKnownFileType = file.storyboard; name = Base; path = Base.lproj/LaunchScreen.storyboard; sourceTree = "<group>"; };
		F8E9459B2457AE6900EACE89 /* Info.plist */ = {isa = PBXFileReference; lastKnownFileType = text.plist.xml; path = Info.plist; sourceTree = "<group>"; };
		F8E945A92457BDF200EACE89 /* QuestionViewController.swift */ = {isa = PBXFileReference; fileEncoding = 4; lastKnownFileType = sourcecode.swift; path = QuestionViewController.swift; sourceTree = "<group>"; };
		F8E945AA2457BDF200EACE89 /* ResultsViewController.swift */ = {isa = PBXFileReference; fileEncoding = 4; lastKnownFileType = sourcecode.swift; path = ResultsViewController.swift; sourceTree = "<group>"; };
		F8E945AB2457BDF200EACE89 /* IntroductionViewController.swift */ = {isa = PBXFileReference; fileEncoding = 4; lastKnownFileType = sourcecode.swift; path = IntroductionViewController.swift; sourceTree = "<group>"; };
		F8E945AC2457BDF200EACE89 /* QuestionData.swift */ = {isa = PBXFileReference; fileEncoding = 4; lastKnownFileType = sourcecode.swift; path = QuestionData.swift; sourceTree = "<group>"; };
/* End PBXFileReference section */

/* Begin PBXFrameworksBuildPhase section */
		F8E945872457AE6800EACE89 /* Frameworks */ = {
			isa = PBXFrameworksBuildPhase;
			buildActionMask = 2147483647;
			files = (
			);
			runOnlyForDeploymentPostprocessing = 0;
		};
/* End PBXFrameworksBuildPhase section */

/* Begin PBXGroup section */
		F8E945812457AE6800EACE89 = {
			isa = PBXGroup;
			children = (
				F8E9458C2457AE6800EACE89 /* PersonalityQuiz */,
				F8E9458B2457AE6800EACE89 /* Products */,
			);
			sourceTree = "<group>";
		};
		F8E9458B2457AE6800EACE89 /* Products */ = {
			isa = PBXGroup;
			children = (
				F8E9458A2457AE6800EACE89 /* PersonalityQuiz.app */,
			);
			name = Products;
			sourceTree = "<group>";
		};
		F8E9458C2457AE6800EACE89 /* PersonalityQuiz */ = {
			isa = PBXGroup;
			children = (
				F8E945AB2457BDF200EACE89 /* IntroductionViewController.swift */,
				F8E945AC2457BDF200EACE89 /* QuestionData.swift */,
				F8E945A92457BDF200EACE89 /* QuestionViewController.swift */,
				F8E945AA2457BDF200EACE89 /* ResultsViewController.swift */,
				F8E9458D2457AE6800EACE89 /* AppDelegate.swift */,
				F8E9458F2457AE6800EACE89 /* SceneDelegate.swift */,
				F8E945932457AE6800EACE89 /* Main.storyboard */,
				F8E945962457AE6900EACE89 /* Assets.xcassets */,
				F8E945982457AE6900EACE89 /* LaunchScreen.storyboard */,
				F8E9459B2457AE6900EACE89 /* Info.plist */,
				F808952424583FCD00D88385 /* testViewController.swift */,
			);
			path = PersonalityQuiz;
			sourceTree = "<group>";
		};
/* End PBXGroup section */

/* Begin PBXNativeTarget section */
		F8E945892457AE6800EACE89 /* PersonalityQuiz */ = {
			isa = PBXNativeTarget;
			buildConfigurationList = F8E9459E2457AE6900EACE89 /* Build configuration list for PBXNativeTarget "PersonalityQuiz" */;
			buildPhases = (
				F8E945862457AE6800EACE89 /* Sources */,
				F8E945872457AE6800EACE89 /* Frameworks */,
				F8E945882457AE6800EACE89 /* Resources */,
			);
			buildRules = (
			);
			dependencies = (
			);
			name = PersonalityQuiz;
			productName = PersonalityQuiz;
			productReference = F8E9458A2457AE6800EACE89 /* PersonalityQuiz.app */;
			productType = "com.apple.product-type.application";
		};
/* End PBXNativeTarget section */

/* Begin PBXProject section */
		F8E945822457AE6800EACE89 /* Project object */ = {
			isa = PBXProject;
			attributes = {
				LastSwiftUpdateCheck = 1140;
				LastUpgradeCheck = 1140;
				ORGANIZATIONNAME = user169339;
				TargetAttributes = {
					F8E945892457AE6800EACE89 = {
						CreatedOnToolsVersion = 11.4.1;
					};
				};
			};
			buildConfigurationList = F8E945852457AE6800EACE89 /* Build configuration list for PBXProject "PersonalityQuiz" */;
			compatibilityVersion = "Xcode 9.3";
			developmentRegion = en;
			hasScannedForEncodings = 0;
			knownRegions = (
				en,
				Base,
			);
			mainGroup = F8E945812457AE6800EACE89;
			productRefGroup = F8E9458B2457AE6800EACE89 /* Products */;
			projectDirPath = "";
			projectRoot = "";
			targets = (
				F8E945892457AE6800EACE89 /* PersonalityQuiz */,
			);
		};
/* End PBXProject section */

/* Begin PBXResourcesBuildPhase section */
		F8E945882457AE6800EACE89 /* Resources */ = {
			isa = PBXResourcesBuildPhase;
			buildActionMask = 2147483647;
			files = (
				F8E9459A2457AE6900EACE89 /* LaunchScreen.storyboard in Resources */,
				F8E945972457AE6900EACE89 /* Assets.xcassets in Resources */,
				F8E945952457AE6800EACE89 /* Main.storyboard in Resources */,
			);
			runOnlyForDeploymentPostprocessing = 0;
		};
/* End PBXResourcesBuildPhase section */

/* Begin PBXSourcesBuildPhase section */
		F8E945862457AE6800EACE89 /* Sources */ = {
			isa = PBXSourcesBuildPhase;
			buildActionMask = 2147483647;
			files = (
				F8E9458E2457AE6800EACE89 /* AppDelegate.swift in Sources */,
				F8E945AD2457BDF200EACE89 /* QuestionViewController.swift in Sources */,
				F808952524583FCD00D88385 /* testViewController.swift in Sources */,
				F8E945B02457BDF200EACE89 /* QuestionData.swift in Sources */,
				F8E945AE2457BDF200EACE89 /* ResultsViewController.swift in Sources */,
				F8E945AF2457BDF200EACE89 /* IntroductionViewController.swift in Sources */,
				F8E945902457AE6800EACE89 /* SceneDelegate.swift in Sources */,
			);
			runOnlyForDeploymentPostprocessing = 0;
		};
/* End PBXSourcesBuildPhase section */

/* Begin PBXVariantGroup section */
		F8E945932457AE6800EACE89 /* Main.storyboard */ = {
			isa = PBXVariantGroup;
			children = (
				F8E945942457AE6800EACE89 /* Base */,
			);
			name = Main.storyboard;
			sourceTree = "<group>";
		};
		F8E945982457AE6900EACE89 /* LaunchScreen.storyboard */ = {
			isa = PBXVariantGroup;
			children = (
				F8E945992457AE6900EACE89 /* Base */,
			);
			name = LaunchScreen.storyboard;
			sourceTree = "<group>";
		};
/* End PBXVariantGroup section */

/* Begin XCBuildConfiguration section */
		F8E9459C2457AE6900EACE89 /* Debug */ = {
			isa = XCBuildConfiguration;
			buildSettings = {
				ALWAYS_SEARCH_USER_PATHS = NO;
				CLANG_ANALYZER_NONNULL = YES;
				CLANG_ANALYZER_NUMBER_OBJECT_CONVERSION = YES_AGGRESSIVE;
				CLANG_CXX_LANGUAGE_STANDARD = "gnu++14";
				CLANG_CXX_LIBRARY = "libc++";
				CLANG_ENABLE_MODULES = YES;
				CLANG_ENABLE_OBJC_ARC = YES;
				CLANG_ENABLE_OBJC_WEAK = YES;
				CLANG_WARN_BLOCK_CAPTURE_AUTORELEASING = YES;
				CLANG_WARN_BOOL_CONVERSION = YES;
				CLANG_WARN_COMMA = YES;
				CLANG_WARN_CONSTANT_CONVERSION = YES;
				CLANG_WARN_DEPRECATED_OBJC_IMPLEMENTATIONS = YES;
				CLANG_WARN_DIRECT_OBJC_ISA_USAGE = YES_ERROR;
				CLANG_WARN_DOCUMENTATION_COMMENTS = YES;
				CLANG_WARN_EMPTY_BODY = YES;
				CLANG_WARN_ENUM_CONVERSION = YES;
				CLANG_WARN_INFINITE_RECURSION = YES;
				CLANG_WARN_INT_CONVERSION = YES;
				CLANG_WARN_NON_LITERAL_NULL_CONVERSION = YES;
				CLANG_WARN_OBJC_IMPLICIT_RETAIN_SELF = YES;
				CLANG_WARN_OBJC_LITERAL_CONVERSION = YES;
				CLANG_WARN_OBJC_ROOT_CLASS = YES_ERROR;
				CLANG_WARN_RANGE_LOOP_ANALYSIS = YES;
				CLANG_WARN_STRICT_PROTOTYPES = YES;
				CLANG_WARN_SUSPICIOUS_MOVE = YES;
				CLANG_WARN_UNGUARDED_AVAILABILITY = YES_AGGRESSIVE;
				CLANG_WARN_UNREACHABLE_CODE = YES;
				CLANG_WARN__DUPLICATE_METHOD_MATCH = YES;
				COPY_PHASE_STRIP = NO;
				DEBUG_INFORMATION_FORMAT = dwarf;
				ENABLE_STRICT_OBJC_MSGSEND = YES;
				ENABLE_TESTABILITY = YES;
				GCC_C_LANGUAGE_STANDARD = gnu11;
				GCC_DYNAMIC_NO_PIC = NO;
				GCC_NO_COMMON_BLOCKS = YES;
				GCC_OPTIMIZATION_LEVEL = 0;
				GCC_PREPROCESSOR_DEFINITIONS = (
					"DEBUG=1",
					"$(inherited)",
				);
				GCC_WARN_64_TO_32_BIT_CONVERSION = YES;
				GCC_WARN_ABOUT_RETURN_TYPE = YES_ERROR;
				GCC_WARN_UNDECLARED_SELECTOR = YES;
				GCC_WARN_UNINITIALIZED_AUTOS = YES_AGGRESSIVE;
				GCC_WARN_UNUSED_FUNCTION = YES;
				GCC_WARN_UNUSED_VARIABLE = YES;
				IPHONEOS_DEPLOYMENT_TARGET = 13.4;
				MTL_ENABLE_DEBUG_INFO = INCLUDE_SOURCE;
				MTL_FAST_MATH = YES;
				ONLY_ACTIVE_ARCH = YES;
				SDKROOT = iphoneos;
				SWIFT_ACTIVE_COMPILATION_CONDITIONS = DEBUG;
				SWIFT_OPTIMIZATION_LEVEL = "-Onone";
			};
			name = Debug;
		};
		F8E9459D2457AE6900EACE89 /* Release */ = {
			isa = XCBuildConfiguration;
			buildSettings = {
				ALWAYS_SEARCH_USER_PATHS = NO;
				CLANG_ANALYZER_NONNULL = YES;
				CLANG_ANALYZER_NUMBER_OBJECT_CONVERSION = YES_AGGRESSIVE;
				CLANG_CXX_LANGUAGE_STANDARD = "gnu++14";
				CLANG_CXX_LIBRARY = "libc++";
				CLANG_ENABLE_MODULES = YES;
				CLANG_ENABLE_OBJC_ARC = YES;
				CLANG_ENABLE_OBJC_WEAK = YES;
				CLANG_WARN_BLOCK_CAPTURE_AUTORELEASING = YES;
				CLANG_WARN_BOOL_CONVERSION = YES;
				CLANG_WARN_COMMA = YES;
				CLANG_WARN_CONSTANT_CONVERSION = YES;
				CLANG_WARN_DEPRECATED_OBJC_IMPLEMENTATIONS = YES;
				CLANG_WARN_DIRECT_OBJC_ISA_USAGE = YES_ERROR;
				CLANG_WARN_DOCUMENTATION_COMMENTS = YES;
				CLANG_WARN_EMPTY_BODY = YES;
				CLANG_WARN_ENUM_CONVERSION = YES;
				CLANG_WARN_INFINITE_RECURSION = YES;
				CLANG_WARN_INT_CONVERSION = YES;
				CLANG_WARN_NON_LITERAL_NULL_CONVERSION = YES;
				CLANG_WARN_OBJC_IMPLICIT_RETAIN_SELF = YES;
				CLANG_WARN_OBJC_LITERAL_CONVERSION = YES;
				CLANG_WARN_OBJC_ROOT_CLASS = YES_ERROR;
				CLANG_WARN_RANGE_LOOP_ANALYSIS = YES;
				CLANG_WARN_STRICT_PROTOTYPES = YES;
				CLANG_WARN_SUSPICIOUS_MOVE = YES;
				CLANG_WARN_UNGUARDED_AVAILABILITY = YES_AGGRESSIVE;
				CLANG_WARN_UNREACHABLE_CODE = YES;
				CLANG_WARN__DUPLICATE_METHOD_MATCH = YES;
				COPY_PHASE_STRIP = NO;
				DEBUG_INFORMATION_FORMAT = "dwarf-with-dsym";
				ENABLE_NS_ASSERTIONS = NO;
				ENABLE_STRICT_OBJC_MSGSEND = YES;
				GCC_C_LANGUAGE_STANDARD = gnu11;
				GCC_NO_COMMON_BLOCKS = YES;
				GCC_WARN_64_TO_32_BIT_CONVERSION = YES;
				GCC_WARN_ABOUT_RETURN_TYPE = YES_ERROR;
				GCC_WARN_UNDECLARED_SELECTOR = YES;
				GCC_WARN_UNINITIALIZED_AUTOS = YES_AGGRESSIVE;
				GCC_WARN_UNUSED_FUNCTION = YES;
				GCC_WARN_UNUSED_VARIABLE = YES;
				IPHONEOS_DEPLOYMENT_TARGET = 13.4;
				MTL_ENABLE_DEBUG_INFO = NO;
				MTL_FAST_MATH = YES;
				SDKROOT = iphoneos;
				SWIFT_COMPILATION_MODE = wholemodule;
				SWIFT_OPTIMIZATION_LEVEL = "-O";
				VALIDATE_PRODUCT = YES;
			};
			name = Release;
		};
		F8E9459F2457AE6900EACE89 /* Debug */ = {
			isa = XCBuildConfiguration;
			buildSettings = {
				ASSETCATALOG_COMPILER_APPICON_NAME = AppIcon;
				CODE_SIGN_STYLE = Automatic;
				DEVELOPMENT_TEAM = V8XWGFPV6C;
				INFOPLIST_FILE = PersonalityQuiz/Info.plist;
				LD_RUNPATH_SEARCH_PATHS = (
					"$(inherited)",
					"@executable_path/Frameworks",
				);
				PRODUCT_BUNDLE_IDENTIFIER = fuwafuwa.PersonalityQuiz;
				PRODUCT_NAME = "$(TARGET_NAME)";
				SWIFT_VERSION = 5.0;
				TARGETED_DEVICE_FAMILY = "1,2";
			};
			name = Debug;
		};
		F8E945A02457AE6900EACE89 /* Release */ = {
			isa = XCBuildConfiguration;
			buildSettings = {
				ASSETCATALOG_COMPILER_APPICON_NAME = AppIcon;
				CODE_SIGN_STYLE = Automatic;
				DEVELOPMENT_TEAM = V8XWGFPV6C;
				INFOPLIST_FILE = PersonalityQuiz/Info.plist;
				LD_RUNPATH_SEARCH_PATHS = (
					"$(inherited)",
					"@executable_path/Frameworks",
				);
				PRODUCT_BUNDLE_IDENTIFIER = fuwafuwa.PersonalityQuiz;
				PRODUCT_NAME = "$(TARGET_NAME)";
				SWIFT_VERSION = 5.0;
				TARGETED_DEVICE_FAMILY = "1,2";
			};
			name = Release;
		};
/* End XCBuildConfiguration section */

/* Begin XCConfigurationList section */
		F8E945852457AE6800EACE89 /* Build configuration list for PBXProject "PersonalityQuiz" */ = {
			isa = XCConfigurationList;
			buildConfigurations = (
				F8E9459C2457AE6900EACE89 /* Debug */,
				F8E9459D2457AE6900EACE89 /* Release */,
			);
			defaultConfigurationIsVisible = 0;
			defaultConfigurationName = Release;
		};
		F8E9459E2457AE6900EACE89 /* Build configuration list for PBXNativeTarget "PersonalityQuiz" */ = {
			isa = XCConfigurationList;
			buildConfigurations = (
				F8E9459F2457AE6900EACE89 /* Debug */,
				F8E945A02457AE6900EACE89 /* Release */,
			);
			defaultConfigurationIsVisible = 0;
			defaultConfigurationName = Release;
		};
/* End XCConfigurationList section */
	};
	rootObject = F8E945822457AE6800EACE89 /* Project object */;
}
